
Microsoft Visual Studio Solution File, Format Version 12.00
# Visual Studio Version 17
VisualStudioVersion = 17.1.31911.260
MinimumVisualStudioVersion = 10.0.40219.1
Project("{FAE04EC0-301F-11D3-BF4B-00C04F79EFBC}") = "AbpAutomationTestsIssue", "AbpAutomationTestsIssue\AbpAutomationTestsIssue.csproj", "{233B9BAC-08C6-48B3-B0EC-1F2829D4E7C6}"
EndProject
Project("{FAE04EC0-301F-11D3-BF4B-00C04F79EFBC}") = "Models", "Models\Models.csproj", "{5103F1D1-25CC-4AEE-80B8-7F6F3912D5A3}"
EndProject
Global
	GlobalSection(SolutionConfigurationPlatforms) = preSolution
		Debug|Any CPU = Debug|Any CPU
		Release|Any CPU = Release|Any CPU
	EndGlobalSection
	GlobalSection(ProjectConfigurationPlatforms) = postSolution
		{233B9BAC-08C6-48B3-B0EC-1F2829D4E7C6}.Debug|Any CPU.ActiveCfg = Debug|Any CPU
		{233B9BAC-08C6-48B3-B0EC-1F2829D4E7C6}.Debug|Any CPU.Build.0 = Debug|Any CPU
		{233B9BAC-08C6-48B3-B0EC-1F2829D4E7C6}.Release|Any CPU.ActiveCfg = Release|Any CPU
		{233B9BAC-08C6-48B3-B0EC-1F2829D4E7C6}.Release|Any CPU.Build.0 = Release|Any CPU
		{5103F1D1-25CC-4AEE-80B8-7F6F3912D5A3}.Debug|Any CPU.ActiveCfg = Debug|Any CPU
		{5103F1D1-25CC-4AEE-80B8-7F6F3912D5A3}.Debug|Any CPU.Build.0 = Debug|Any CPU
		{5103F1D1-25CC-4AEE-80B8-7F6F3912D5A3}.Release|Any CPU.ActiveCfg = Release|Any CPU
		{5103F1D1-25CC-4AEE-80B8-7F6F3912D5A3}.Release|Any CPU.Build.0 = Release|Any CPU
	EndGlobalSection
	GlobalSection(SolutionProperties) = preSolution
		HideSolutionNode = FALSE
	EndGlobalSection
	GlobalSection(ExtensibilityGlobals) = postSolution
		SolutionGuid = {6098B570-2FFF-4F58-9A05-608447F7ED6D}
	EndGlobalSection
EndGlobal
